
Microsoft Visual Studio Solution File, Format Version 12.00
# Visual Studio 2017
Project("{FAE04EC0-301F-11D3-BF4B-00C04F79EFBC}") = "ZigZap", "ZigZap.csproj", "{41EB2BDE-8935-1F2E-1A5E-A1E2379EC3AE}"
EndProject
Project("{FAE04EC0-301F-11D3-BF4B-00C04F79EFBC}") = "ZigZap.Editor", "ZigZap.Editor.csproj", "{38309965-7ACF-55D4-14B2-47BCC0BD7717}"
EndProject
Global
	GlobalSection(SolutionConfigurationPlatforms) = preSolution
		Debug|Any CPU = Debug|Any CPU
		Release|Any CPU = Release|Any CPU
	EndGlobalSection
	GlobalSection(ProjectConfigurationPlatforms) = postSolution
		{41EB2BDE-8935-1F2E-1A5E-A1E2379EC3AE}.Debug|Any CPU.ActiveCfg = Debug|Any CPU
		{41EB2BDE-8935-1F2E-1A5E-A1E2379EC3AE}.Debug|Any CPU.Build.0 = Debug|Any CPU
		{41EB2BDE-8935-1F2E-1A5E-A1E2379EC3AE}.Release|Any CPU.ActiveCfg = Release|Any CPU
		{41EB2BDE-8935-1F2E-1A5E-A1E2379EC3AE}.Release|Any CPU.Build.0 = Release|Any CPU
		{38309965-7ACF-55D4-14B2-47BCC0BD7717}.Debug|Any CPU.ActiveCfg = Debug|Any CPU
		{38309965-7ACF-55D4-14B2-47BCC0BD7717}.Debug|Any CPU.Build.0 = Debug|Any CPU
		{38309965-7ACF-55D4-14B2-47BCC0BD7717}.Release|Any CPU.ActiveCfg = Release|Any CPU
		{38309965-7ACF-55D4-14B2-47BCC0BD7717}.Release|Any CPU.Build.0 = Release|Any CPU
	EndGlobalSection
	GlobalSection(SolutionProperties) = preSolution
		HideSolutionNode = FALSE
	EndGlobalSection
EndGlobal
